
Microsoft Visual Studio Solution File, Format Version 12.00
# Visual Studio Version 17
VisualStudioVersion = 17.14.36623.8
MinimumVisualStudioVersion = 10.0.40219.1
Project("{FAE04EC0-301F-11D3-BF4B-00C04F79EFBC}") = "ChatClient", "ChatClient.csproj", "{14BA4518-C150-4464-A02C-CDCB42056F83}"
EndProject
Project("{FAE04EC0-301F-11D3-BF4B-00C04F79EFBC}") = "ChatServer", "..\ChatServer\ChatServer.csproj", "{0375C308-42AD-4F3A-A6AA-755A7F3363C3}"
EndProject
Global
	GlobalSection(SolutionConfigurationPlatforms) = preSolution
		Debug|Any CPU = Debug|Any CPU
		Release|Any CPU = Release|Any CPU
	EndGlobalSection
	GlobalSection(ProjectConfigurationPlatforms) = postSolution
		{14BA4518-C150-4464-A02C-CDCB42056F83}.Debug|Any CPU.ActiveCfg = Debug|Any CPU
		{14BA4518-C150-4464-A02C-CDCB42056F83}.Debug|Any CPU.Build.0 = Debug|Any CPU
		{14BA4518-C150-4464-A02C-CDCB42056F83}.Release|Any CPU.ActiveCfg = Release|Any CPU
		{14BA4518-C150-4464-A02C-CDCB42056F83}.Release|Any CPU.Build.0 = Release|Any CPU
		{0375C308-42AD-4F3A-A6AA-755A7F3363C3}.Debug|Any CPU.ActiveCfg = Debug|Any CPU
		{0375C308-42AD-4F3A-A6AA-755A7F3363C3}.Debug|Any CPU.Build.0 = Debug|Any CPU
		{0375C308-42AD-4F3A-A6AA-755A7F3363C3}.Release|Any CPU.ActiveCfg = Release|Any CPU
		{0375C308-42AD-4F3A-A6AA-755A7F3363C3}.Release|Any CPU.Build.0 = Release|Any CPU
	EndGlobalSection
	GlobalSection(SolutionProperties) = preSolution
		HideSolutionNode = FALSE
	EndGlobalSection
	GlobalSection(ExtensibilityGlobals) = postSolution
		SolutionGuid = {BC3B8CED-BCD6-44C1-8B91-E3F02480EF02}
	EndGlobalSection
EndGlobal
